
Microsoft Visual Studio Solution File, Format Version 12.00
# Visual Studio Version 17
VisualStudioVersion = 17.2.32210.308
MinimumVisualStudioVersion = 10.0.40219.1
Project("{FAE04EC0-301F-11D3-BF4B-00C04F79EFBC}") = "DWG2PDF", "DWG2PDF\DWG2PDF.csproj", "{9C75953E-E5C3-40C6-908F-3EFBF3F685E3}"
EndProject
Global
	GlobalSection(SolutionConfigurationPlatforms) = preSolution
		Debug|Any CPU = Debug|Any CPU
		Release|Any CPU = Release|Any CPU
	EndGlobalSection
	GlobalSection(ProjectConfigurationPlatforms) = postSolution
		{9C75953E-E5C3-40C6-908F-3EFBF3F685E3}.Debug|Any CPU.ActiveCfg = Debug|Any CPU
		{9C75953E-E5C3-40C6-908F-3EFBF3F685E3}.Debug|Any CPU.Build.0 = Debug|Any CPU
		{9C75953E-E5C3-40C6-908F-3EFBF3F685E3}.Release|Any CPU.ActiveCfg = Release|Any CPU
		{9C75953E-E5C3-40C6-908F-3EFBF3F685E3}.Release|Any CPU.Build.0 = Release|Any CPU
	EndGlobalSection
	GlobalSection(SolutionProperties) = preSolution
		HideSolutionNode = FALSE
	EndGlobalSection
	GlobalSection(ExtensibilityGlobals) = postSolution
		SolutionGuid = {168C3B5E-141D-4969-99F2-99A9F089DBD4}
	EndGlobalSection
EndGlobal
